
Microsoft Visual Studio Solution File, Format Version 12.00
# Visual Studio 2012
Project("{2150E333-8FDC-42A3-9474-1A3956D46DE8}") = "Business", "Business", "{EDCED4A3-62DB-4087-946A-DD4B7DD2B298}"
EndProject
Project("{2150E333-8FDC-42A3-9474-1A3956D46DE8}") = "DataAccess", "DataAccess", "{468F2113-01B2-41A0-93D4-BCC217EC81F2}"
EndProject
Project("{2150E333-8FDC-42A3-9474-1A3956D46DE8}") = "Infrastructure", "Infrastructure", "{01BBB57C-DED3-441A-BDF9-BFAD660717AF}"
EndProject
Project("{2150E333-8FDC-42A3-9474-1A3956D46DE8}") = "UI", "UI", "{2F57C34F-BE7B-4BFC-BC71-EA5055C1F6C8}"
EndProject
Project("{FAE04EC0-301F-11D3-BF4B-00C04F79EFBC}") = "iHoaDon.Business", "iHoaDon.Business\iHoaDon.Business.csproj", "{E128B8D2-CC4E-4784-8D3D-CD8B143C77CA}"
EndProject
Project("{FAE04EC0-301F-11D3-BF4B-00C04F79EFBC}") = "iHoaDon.DataAccess", "iHoaDon.DataAccess\iHoaDon.DataAccess.csproj", "{46F4C88D-2769-4132-9B88-D935E0A6E36F}"
EndProject
Project("{FAE04EC0-301F-11D3-BF4B-00C04F79EFBC}") = "iHoaDon.Entities", "iHoaDon.Entities\iHoaDon.Entities.csproj", "{4F17CF17-727A-4684-BBF0-3ABDEF0211B3}"
EndProject
Project("{FAE04EC0-301F-11D3-BF4B-00C04F79EFBC}") = "iHoaDon.Infrastructure", "iHoaDon.Infrastructure\iHoaDon.Infrastructure.csproj", "{FB737D0D-03BD-4472-BF53-FD3111061249}"
EndProject
Project("{FAE04EC0-301F-11D3-BF4B-00C04F79EFBC}") = "iHoaDon.Resources", "iHoaDon.Resources\iHoaDon.Resources.csproj", "{26D0B5A8-74C2-4F90-B7FC-6312C16A271B}"
EndProject
Project("{FAE04EC0-301F-11D3-BF4B-00C04F79EFBC}") = "iHoaDon.Web", "iHoaDon.Web\iHoaDon.Web.csproj", "{2D6D16A8-69F0-4D92-A8A8-EEF7EEDE6685}"
EndProject
Project("{FAE04EC0-301F-11D3-BF4B-00C04F79EFBC}") = "iHoaDon.Util", "iHoaDon.Util\iHoaDon.Util.csproj", "{98EC19D4-86B8-44E0-BD10-FD9117EE691B}"
EndProject
Project("{FAE04EC0-301F-11D3-BF4B-00C04F79EFBC}") = "Bkav.eHoadon.XML", "Bkav.eHoadon.XML\Bkav.eHoadon.XML.csproj", "{0066F966-AFAA-45FC-8F0D-999EAEEACCEB}"
EndProject
Global
	GlobalSection(SolutionConfigurationPlatforms) = preSolution
		Debug|Any CPU = Debug|Any CPU
		Release|Any CPU = Release|Any CPU
	EndGlobalSection
	GlobalSection(ProjectConfigurationPlatforms) = postSolution
		{E128B8D2-CC4E-4784-8D3D-CD8B143C77CA}.Debug|Any CPU.ActiveCfg = Debug|Any CPU
		{E128B8D2-CC4E-4784-8D3D-CD8B143C77CA}.Debug|Any CPU.Build.0 = Debug|Any CPU
		{E128B8D2-CC4E-4784-8D3D-CD8B143C77CA}.Release|Any CPU.ActiveCfg = Release|Any CPU
		{E128B8D2-CC4E-4784-8D3D-CD8B143C77CA}.Release|Any CPU.Build.0 = Release|Any CPU
		{46F4C88D-2769-4132-9B88-D935E0A6E36F}.Debug|Any CPU.ActiveCfg = Debug|Any CPU
		{46F4C88D-2769-4132-9B88-D935E0A6E36F}.Debug|Any CPU.Build.0 = Debug|Any CPU
		{46F4C88D-2769-4132-9B88-D935E0A6E36F}.Release|Any CPU.ActiveCfg = Release|Any CPU
		{46F4C88D-2769-4132-9B88-D935E0A6E36F}.Release|Any CPU.Build.0 = Release|Any CPU
		{4F17CF17-727A-4684-BBF0-3ABDEF0211B3}.Debug|Any CPU.ActiveCfg = Debug|Any CPU
		{4F17CF17-727A-4684-BBF0-3ABDEF0211B3}.Debug|Any CPU.Build.0 = Debug|Any CPU
		{4F17CF17-727A-4684-BBF0-3ABDEF0211B3}.Release|Any CPU.ActiveCfg = Release|Any CPU
		{4F17CF17-727A-4684-BBF0-3ABDEF0211B3}.Release|Any CPU.Build.0 = Release|Any CPU
		{FB737D0D-03BD-4472-BF53-FD3111061249}.Debug|Any CPU.ActiveCfg = Debug|Any CPU
		{FB737D0D-03BD-4472-BF53-FD3111061249}.Debug|Any CPU.Build.0 = Debug|Any CPU
		{FB737D0D-03BD-4472-BF53-FD3111061249}.Release|Any CPU.ActiveCfg = Release|Any CPU
		{FB737D0D-03BD-4472-BF53-FD3111061249}.Release|Any CPU.Build.0 = Release|Any CPU
		{26D0B5A8-74C2-4F90-B7FC-6312C16A271B}.Debug|Any CPU.ActiveCfg = Debug|Any CPU
		{26D0B5A8-74C2-4F90-B7FC-6312C16A271B}.Debug|Any CPU.Build.0 = Debug|Any CPU
		{26D0B5A8-74C2-4F90-B7FC-6312C16A271B}.Release|Any CPU.ActiveCfg = Release|Any CPU
		{26D0B5A8-74C2-4F90-B7FC-6312C16A271B}.Release|Any CPU.Build.0 = Release|Any CPU
		{2D6D16A8-69F0-4D92-A8A8-EEF7EEDE6685}.Debug|Any CPU.ActiveCfg = Debug|Any CPU
		{2D6D16A8-69F0-4D92-A8A8-EEF7EEDE6685}.Debug|Any CPU.Build.0 = Debug|Any CPU
		{2D6D16A8-69F0-4D92-A8A8-EEF7EEDE6685}.Release|Any CPU.ActiveCfg = Release|Any CPU
		{2D6D16A8-69F0-4D92-A8A8-EEF7EEDE6685}.Release|Any CPU.Build.0 = Release|Any CPU
		{98EC19D4-86B8-44E0-BD10-FD9117EE691B}.Debug|Any CPU.ActiveCfg = Debug|Any CPU
		{98EC19D4-86B8-44E0-BD10-FD9117EE691B}.Debug|Any CPU.Build.0 = Debug|Any CPU
		{98EC19D4-86B8-44E0-BD10-FD9117EE691B}.Release|Any CPU.ActiveCfg = Release|Any CPU
		{98EC19D4-86B8-44E0-BD10-FD9117EE691B}.Release|Any CPU.Build.0 = Release|Any CPU
		{0066F966-AFAA-45FC-8F0D-999EAEEACCEB}.Debug|Any CPU.ActiveCfg = Debug|Any CPU
		{0066F966-AFAA-45FC-8F0D-999EAEEACCEB}.Debug|Any CPU.Build.0 = Debug|Any CPU
		{0066F966-AFAA-45FC-8F0D-999EAEEACCEB}.Release|Any CPU.ActiveCfg = Release|Any CPU
		{0066F966-AFAA-45FC-8F0D-999EAEEACCEB}.Release|Any CPU.Build.0 = Release|Any CPU
	EndGlobalSection
	GlobalSection(SolutionProperties) = preSolution
		HideSolutionNode = FALSE
	EndGlobalSection
	GlobalSection(NestedProjects) = preSolution
		{E128B8D2-CC4E-4784-8D3D-CD8B143C77CA} = {EDCED4A3-62DB-4087-946A-DD4B7DD2B298}
		{46F4C88D-2769-4132-9B88-D935E0A6E36F} = {468F2113-01B2-41A0-93D4-BCC217EC81F2}
		{4F17CF17-727A-4684-BBF0-3ABDEF0211B3} = {01BBB57C-DED3-441A-BDF9-BFAD660717AF}
		{FB737D0D-03BD-4472-BF53-FD3111061249} = {01BBB57C-DED3-441A-BDF9-BFAD660717AF}
		{26D0B5A8-74C2-4F90-B7FC-6312C16A271B} = {01BBB57C-DED3-441A-BDF9-BFAD660717AF}
		{98EC19D4-86B8-44E0-BD10-FD9117EE691B} = {01BBB57C-DED3-441A-BDF9-BFAD660717AF}
		{0066F966-AFAA-45FC-8F0D-999EAEEACCEB} = {01BBB57C-DED3-441A-BDF9-BFAD660717AF}
		{2D6D16A8-69F0-4D92-A8A8-EEF7EEDE6685} = {2F57C34F-BE7B-4BFC-BC71-EA5055C1F6C8}
	EndGlobalSection
	GlobalSection(ExtensibilityGlobals) = postSolution
		VisualSVNWorkingCopyRoot = .
	EndGlobalSection
EndGlobal
